
Microsoft Visual Studio Solution File, Format Version 12.00
# Visual Studio Version 17
VisualStudioVersion = 17.4.33403.182
MinimumVisualStudioVersion = 10.0.40219.1
Project("{9A19103F-16F7-4668-BE54-9A1E7A4F7556}") = "BookUniverseConsole", "BookUniverse\BookUniverseConsole.csproj", "{DD021EED-28A4-417C-AD6D-EBBF18F90BD0}"
EndProject
Project("{2150E333-8FDC-42A3-9474-1A3956D46DE8}") = "BookUniverseDesktop", "BookUniverseDesktop", "{F9C7D7AB-D513-49B4-AD65-8876E9EAFF0E}"
EndProject
Project("{9A19103F-16F7-4668-BE54-9A1E7A4F7556}") = "BookUniverse.Client", "BookUniverse.Client\BookUniverse.Client.csproj", "{403850B2-4D0D-4021-A62B-9CC71CA41973}"
	ProjectSection(ProjectDependencies) = postProject
		{B11C38A6-8DB6-49E3-979E-8BBCD65C8B8F} = {B11C38A6-8DB6-49E3-979E-8BBCD65C8B8F}
		{B3565E01-B728-415D-BC9C-6DC3E267C323} = {B3565E01-B728-415D-BC9C-6DC3E267C323}
	EndProjectSection
EndProject
Project("{9A19103F-16F7-4668-BE54-9A1E7A4F7556}") = "BookUniverse.BLL", "BookUniverse.BLL\BookUniverse.BLL.csproj", "{B3565E01-B728-415D-BC9C-6DC3E267C323}"
	ProjectSection(ProjectDependencies) = postProject
		{B11C38A6-8DB6-49E3-979E-8BBCD65C8B8F} = {B11C38A6-8DB6-49E3-979E-8BBCD65C8B8F}
	EndProjectSection
EndProject
Project("{9A19103F-16F7-4668-BE54-9A1E7A4F7556}") = "BookUniverse.DAL", "BookUniverse.DAL\BookUniverse.DAL.csproj", "{B11C38A6-8DB6-49E3-979E-8BBCD65C8B8F}"
EndProject
Project("{2150E333-8FDC-42A3-9474-1A3956D46DE8}") = "Solution Items", "Solution Items", "{013779EF-3A68-4C5E-A799-178382099493}"
	ProjectSection(SolutionItems) = preProject
		.editorconfig = .editorconfig
	EndProjectSection
EndProject
Project("{FAE04EC0-301F-11D3-BF4B-00C04F79EFBC}") = "BookUniverse.xUnitTests", "BookUniverse.xUnitTests\BookUniverse.xUnitTests.csproj", "{6DB781FB-07A3-4F1B-9F5D-217F5FC40B6C}"
EndProject
Global
	GlobalSection(SolutionConfigurationPlatforms) = preSolution
		Debug|Any CPU = Debug|Any CPU
		Release|Any CPU = Release|Any CPU
	EndGlobalSection
	GlobalSection(ProjectConfigurationPlatforms) = postSolution
		{DD021EED-28A4-417C-AD6D-EBBF18F90BD0}.Debug|Any CPU.ActiveCfg = Debug|Any CPU
		{DD021EED-28A4-417C-AD6D-EBBF18F90BD0}.Debug|Any CPU.Build.0 = Debug|Any CPU
		{DD021EED-28A4-417C-AD6D-EBBF18F90BD0}.Release|Any CPU.ActiveCfg = Release|Any CPU
		{DD021EED-28A4-417C-AD6D-EBBF18F90BD0}.Release|Any CPU.Build.0 = Release|Any CPU
		{403850B2-4D0D-4021-A62B-9CC71CA41973}.Debug|Any CPU.ActiveCfg = Debug|Any CPU
		{403850B2-4D0D-4021-A62B-9CC71CA41973}.Debug|Any CPU.Build.0 = Debug|Any CPU
		{403850B2-4D0D-4021-A62B-9CC71CA41973}.Release|Any CPU.ActiveCfg = Release|Any CPU
		{403850B2-4D0D-4021-A62B-9CC71CA41973}.Release|Any CPU.Build.0 = Release|Any CPU
		{B3565E01-B728-415D-BC9C-6DC3E267C323}.Debug|Any CPU.ActiveCfg = Debug|Any CPU
		{B3565E01-B728-415D-BC9C-6DC3E267C323}.Debug|Any CPU.Build.0 = Debug|Any CPU
		{B3565E01-B728-415D-BC9C-6DC3E267C323}.Release|Any CPU.ActiveCfg = Release|Any CPU
		{B3565E01-B728-415D-BC9C-6DC3E267C323}.Release|Any CPU.Build.0 = Release|Any CPU
		{B11C38A6-8DB6-49E3-979E-8BBCD65C8B8F}.Debug|Any CPU.ActiveCfg = Debug|Any CPU
		{B11C38A6-8DB6-49E3-979E-8BBCD65C8B8F}.Debug|Any CPU.Build.0 = Debug|Any CPU
		{B11C38A6-8DB6-49E3-979E-8BBCD65C8B8F}.Release|Any CPU.ActiveCfg = Release|Any CPU
		{B11C38A6-8DB6-49E3-979E-8BBCD65C8B8F}.Release|Any CPU.Build.0 = Release|Any CPU
		{6DB781FB-07A3-4F1B-9F5D-217F5FC40B6C}.Debug|Any CPU.ActiveCfg = Debug|Any CPU
		{6DB781FB-07A3-4F1B-9F5D-217F5FC40B6C}.Debug|Any CPU.Build.0 = Debug|Any CPU
		{6DB781FB-07A3-4F1B-9F5D-217F5FC40B6C}.Release|Any CPU.ActiveCfg = Release|Any CPU
		{6DB781FB-07A3-4F1B-9F5D-217F5FC40B6C}.Release|Any CPU.Build.0 = Release|Any CPU
	EndGlobalSection
	GlobalSection(SolutionProperties) = preSolution
		HideSolutionNode = FALSE
	EndGlobalSection
	GlobalSection(NestedProjects) = preSolution
		{403850B2-4D0D-4021-A62B-9CC71CA41973} = {F9C7D7AB-D513-49B4-AD65-8876E9EAFF0E}
		{B3565E01-B728-415D-BC9C-6DC3E267C323} = {F9C7D7AB-D513-49B4-AD65-8876E9EAFF0E}
		{B11C38A6-8DB6-49E3-979E-8BBCD65C8B8F} = {F9C7D7AB-D513-49B4-AD65-8876E9EAFF0E}
		{6DB781FB-07A3-4F1B-9F5D-217F5FC40B6C} = {F9C7D7AB-D513-49B4-AD65-8876E9EAFF0E}
	EndGlobalSection
	GlobalSection(ExtensibilityGlobals) = postSolution
		SolutionGuid = {807786A1-A1D0-4AA4-98F9-63109C9EE230}
	EndGlobalSection
EndGlobal
