
Microsoft Visual Studio Solution File, Format Version 12.00
# Visual Studio Version 17
VisualStudioVersion = 17.4.33403.182
MinimumVisualStudioVersion = 10.0.40219.1
Project("{FAE04EC0-301F-11D3-BF4B-00C04F79EFBC}") = "BookUniverseConsole", "BookUniverse\BookUniverseConsole.csproj", "{DD021EED-28A4-417C-AD6D-EBBF18F90BD0}"
EndProject
Global
	GlobalSection(SolutionConfigurationPlatforms) = preSolution
		Debug|Any CPU = Debug|Any CPU
		Release|Any CPU = Release|Any CPU
	EndGlobalSection
	GlobalSection(ProjectConfigurationPlatforms) = postSolution
		{DD021EED-28A4-417C-AD6D-EBBF18F90BD0}.Debug|Any CPU.ActiveCfg = Debug|Any CPU
		{DD021EED-28A4-417C-AD6D-EBBF18F90BD0}.Debug|Any CPU.Build.0 = Debug|Any CPU
		{DD021EED-28A4-417C-AD6D-EBBF18F90BD0}.Release|Any CPU.ActiveCfg = Release|Any CPU
		{DD021EED-28A4-417C-AD6D-EBBF18F90BD0}.Release|Any CPU.Build.0 = Release|Any CPU
	EndGlobalSection
	GlobalSection(SolutionProperties) = preSolution
		HideSolutionNode = FALSE
	EndGlobalSection
	GlobalSection(ExtensibilityGlobals) = postSolution
		SolutionGuid = {807786A1-A1D0-4AA4-98F9-63109C9EE230}
	EndGlobalSection
EndGlobal
